{
  "renv": {
    "Version": "0.7.0-21"
  },
  "R": {
    "Version": "3.6.1",
    "Repositories": [
      {
        "Name": "CRAN",
        "URL": "https://cran.rstudio.com"
      }
    ]
  },
  "Packages": {
    "Rcpp": {
      "Package": "Rcpp",
      "Version": "1.0.2",
      "Source": "CRAN",
      "Hash": "c25fa7d5684fa7001ddfea3755243975"
    },
    "base64enc": {
      "Package": "base64enc",
      "Version": "0.1-3",
      "Source": "CRAN",
      "Hash": "d355963b4b1c3039bfe8d65611a11cca"
    },
    "digest": {
      "Package": "digest",
      "Version": "0.6.20",
      "Source": "CRAN",
      "Hash": "e90f6670040b5aec92425051fc13ac1c"
    },
    "evaluate": {
      "Package": "evaluate",
      "Version": "0.14",
      "Source": "CRAN",
      "Hash": "5a6c1949963e0785dbcbb0556337d61e"
    },
    "glue": {
      "Package": "glue",
      "Version": "1.3.1",
      "Source": "CRAN",
      "Hash": "e8436e647719b7c9d01409767cd88cc8"
    },
    "highr": {
      "Package": "highr",
      "Version": "0.8",
      "Source": "CRAN",
      "Hash": "43e36bc8bca1d8256f86933659c46349"
    },
    "htmltools": {
      "Package": "htmltools",
      "Version": "0.3.6",
      "Source": "CRAN",
      "Hash": "5132526e7fb28a2c20d1ef443d5c4644"
    },
    "jsonlite": {
      "Package": "jsonlite",
      "Version": "1.6",
      "Source": "CRAN",
      "Hash": "b7e67b6a7bc2fdae729c0f3ff9026a8a"
    },
    "knitr": {
      "Package": "knitr",
      "Version": "1.24",
      "Source": "CRAN",
      "Hash": "4d5213d0ec43d3ef3415177faa434602"
    },
    "magrittr": {
      "Package": "magrittr",
      "Version": "1.5",
      "Source": "CRAN",
      "Hash": "dee1d97cffddfd3ed969e224bd0826d0"
    },
    "markdown": {
      "Package": "markdown",
      "Version": "1.0",
      "Source": "CRAN",
      "Hash": "4584a57f565dd7987d59dda3a02cfb41"
    },
    "mime": {
      "Package": "mime",
      "Version": "0.7",
      "Source": "CRAN",
      "Hash": "908d95ccbfd1dd274073ef07a7c93934"
    },
    "renv": {
      "Package": "renv",
      "Version": "0.7.0-21",
      "Source": "GitHub",
      "RemoteType": "github",
      "RemoteHost": "api.github.com",
      "RemoteRepo": "renv",
      "RemoteUsername": "rstudio",
      "RemoteRef": "master",
      "RemoteSha": "e0a0c1399e5515e26284ce1a10df903491b57ff1",
      "Hash": "732cbe6a877bc10ac5509c38f670c58b"
    },
    "rmarkdown": {
      "Package": "rmarkdown",
      "Version": "1.15",
      "Source": "CRAN",
      "Hash": "7009ca49bab0c053098ae99b595bbacb"
    },
    "stringi": {
      "Package": "stringi",
      "Version": "1.4.3",
      "Source": "CRAN",
      "Hash": "113506f116db9dd5bd1caf46884e0647"
    },
    "stringr": {
      "Package": "stringr",
      "Version": "1.4.0",
      "Source": "CRAN",
      "Hash": "41d6310ad18bd019a203d7adc496a28b"
    },
    "tinytex": {
      "Package": "tinytex",
      "Version": "0.14",
      "Source": "CRAN",
      "Hash": "8b44776bb72008230fc51a956870741e"
    },
    "xfun": {
      "Package": "xfun",
      "Version": "0.8",
      "Source": "CRAN",
      "Hash": "56f4a24b253e08ec48a45ec0eb60653d"
    },
    "yaml": {
      "Package": "yaml",
      "Version": "2.2.0",
      "Source": "CRAN",
      "Hash": "3a313c96061c4ac790de611dc57ebd1f"
    }
  }
}
